// !$*UTF8*$!
{
	archiveVersion = 1;
	classes = {
	};
	objectVersion = 46;
	objects = {

/* Begin PBXBuildFile section */
		AA747D9F0F9514B9006C5449 /* ECAPI_Prefix.pch in Headers */ = {isa = PBXBuildFile; fileRef = AA747D9E0F9514B9006C5449 /* ECAPI_Prefix.pch */; };
		AACBBE4A0F95108600F1A2B1 /* Foundation.framework in Frameworks */ = {isa = PBXBuildFile; fileRef = AACBBE490F95108600F1A2B1 /* Foundation.framework */; };
		EA15EE0112FB17AC00D60A83 /* CourseDeserializationTestCase.m in Sources */ = {isa = PBXBuildFile; fileRef = EA15EE0012FB17AC00D60A83 /* CourseDeserializationTestCase.m */; };
		EA15EE5112FB5EF100D60A83 /* Course.h in Headers */ = {isa = PBXBuildFile; fileRef = EA15EE4F12FB5EF100D60A83 /* Course.h */; };
		EA15EE5212FB5EF100D60A83 /* Course.m in Sources */ = {isa = PBXBuildFile; fileRef = EA15EE5012FB5EF100D60A83 /* Course.m */; };
		EA15EE5312FB5EF100D60A83 /* Course.h in Headers */ = {isa = PBXBuildFile; fileRef = EA15EE4F12FB5EF100D60A83 /* Course.h */; };
		EA15EE5412FB5EF100D60A83 /* Course.m in Sources */ = {isa = PBXBuildFile; fileRef = EA15EE5012FB5EF100D60A83 /* Course.m */; };
		EA32AC0C12F871190025F080 /* CFNetwork.framework in Frameworks */ = {isa = PBXBuildFile; fileRef = EA32AC0B12F871190025F080 /* CFNetwork.framework */; };
		EA32AC0E12F871190025F080 /* CoreGraphics.framework in Frameworks */ = {isa = PBXBuildFile; fileRef = EA32AC0D12F871190025F080 /* CoreGraphics.framework */; };
		EA32AC1012F871190025F080 /* MobileCoreServices.framework in Frameworks */ = {isa = PBXBuildFile; fileRef = EA32AC0F12F871190025F080 /* MobileCoreServices.framework */; };
		EA32AC1212F871190025F080 /* SystemConfiguration.framework in Frameworks */ = {isa = PBXBuildFile; fileRef = EA32AC1112F871190025F080 /* SystemConfiguration.framework */; };
		EA32AC1412F871190025F080 /* UIKit.framework in Frameworks */ = {isa = PBXBuildFile; fileRef = EA32AC1312F871190025F080 /* UIKit.framework */; };
		EA32AC1612F871190025F080 /* libz.1.2.3.dylib in Frameworks */ = {isa = PBXBuildFile; fileRef = EA32AC1512F871190025F080 /* libz.1.2.3.dylib */; };
		EA32AC5212F8715E0025F080 /* Reachability.h in Headers */ = {isa = PBXBuildFile; fileRef = EA32AC5012F8715E0025F080 /* Reachability.h */; };
		EA32AC5312F8715E0025F080 /* Reachability.m in Sources */ = {isa = PBXBuildFile; fileRef = EA32AC5112F8715E0025F080 /* Reachability.m */; };
		EA32AC6C12F872680025F080 /* ASIAuthenticationDialog.h in Headers */ = {isa = PBXBuildFile; fileRef = EA32AC5812F872680025F080 /* ASIAuthenticationDialog.h */; };
		EA32AC6D12F872680025F080 /* ASIAuthenticationDialog.m in Sources */ = {isa = PBXBuildFile; fileRef = EA32AC5912F872680025F080 /* ASIAuthenticationDialog.m */; };
		EA32AC6E12F872680025F080 /* ASICacheDelegate.h in Headers */ = {isa = PBXBuildFile; fileRef = EA32AC5A12F872680025F080 /* ASICacheDelegate.h */; };
		EA32AC6F12F872680025F080 /* ASIDataCompressor.h in Headers */ = {isa = PBXBuildFile; fileRef = EA32AC5B12F872680025F080 /* ASIDataCompressor.h */; };
		EA32AC7012F872680025F080 /* ASIDataCompressor.m in Sources */ = {isa = PBXBuildFile; fileRef = EA32AC5C12F872680025F080 /* ASIDataCompressor.m */; };
		EA32AC7112F872680025F080 /* ASIDataDecompressor.h in Headers */ = {isa = PBXBuildFile; fileRef = EA32AC5D12F872680025F080 /* ASIDataDecompressor.h */; };
		EA32AC7212F872680025F080 /* ASIDataDecompressor.m in Sources */ = {isa = PBXBuildFile; fileRef = EA32AC5E12F872680025F080 /* ASIDataDecompressor.m */; };
		EA32AC7312F872680025F080 /* ASIDownloadCache.h in Headers */ = {isa = PBXBuildFile; fileRef = EA32AC5F12F872680025F080 /* ASIDownloadCache.h */; };
		EA32AC7412F872680025F080 /* ASIDownloadCache.m in Sources */ = {isa = PBXBuildFile; fileRef = EA32AC6012F872680025F080 /* ASIDownloadCache.m */; };
		EA32AC7512F872680025F080 /* ASIFormDataRequest.h in Headers */ = {isa = PBXBuildFile; fileRef = EA32AC6112F872680025F080 /* ASIFormDataRequest.h */; };
		EA32AC7612F872680025F080 /* ASIFormDataRequest.m in Sources */ = {isa = PBXBuildFile; fileRef = EA32AC6212F872680025F080 /* ASIFormDataRequest.m */; };
		EA32AC7712F872680025F080 /* ASIHTTPRequest.h in Headers */ = {isa = PBXBuildFile; fileRef = EA32AC6312F872680025F080 /* ASIHTTPRequest.h */; };
		EA32AC7812F872680025F080 /* ASIHTTPRequest.m in Sources */ = {isa = PBXBuildFile; fileRef = EA32AC6412F872680025F080 /* ASIHTTPRequest.m */; };
		EA32AC7912F872680025F080 /* ASIHTTPRequestConfig.h in Headers */ = {isa = PBXBuildFile; fileRef = EA32AC6512F872680025F080 /* ASIHTTPRequestConfig.h */; };
		EA32AC7A12F872680025F080 /* ASIHTTPRequestDelegate.h in Headers */ = {isa = PBXBuildFile; fileRef = EA32AC6612F872680025F080 /* ASIHTTPRequestDelegate.h */; };
		EA32AC7B12F872680025F080 /* ASIInputStream.h in Headers */ = {isa = PBXBuildFile; fileRef = EA32AC6712F872680025F080 /* ASIInputStream.h */; };
		EA32AC7C12F872680025F080 /* ASIInputStream.m in Sources */ = {isa = PBXBuildFile; fileRef = EA32AC6812F872680025F080 /* ASIInputStream.m */; };
		EA32AC7D12F872680025F080 /* ASINetworkQueue.h in Headers */ = {isa = PBXBuildFile; fileRef = EA32AC6912F872680025F080 /* ASINetworkQueue.h */; };
		EA32AC7E12F872680025F080 /* ASINetworkQueue.m in Sources */ = {isa = PBXBuildFile; fileRef = EA32AC6A12F872680025F080 /* ASINetworkQueue.m */; };
		EA32AC7F12F872680025F080 /* ASIProgressDelegate.h in Headers */ = {isa = PBXBuildFile; fileRef = EA32AC6B12F872680025F080 /* ASIProgressDelegate.h */; };
		EA9FC09012FC6224009AA1FF /* CourseItemDeserializationTestCase.m in Sources */ = {isa = PBXBuildFile; fileRef = EA9FC08F12FC6224009AA1FF /* CourseItemDeserializationTestCase.m */; };
		EAADEE0412F9D5EC00899C75 /* TestCaseWithAuthentication.h in Headers */ = {isa = PBXBuildFile; fileRef = EAADEE0212F9D5EC00899C75 /* TestCaseWithAuthentication.h */; };
		EAADEE0512F9D5EC00899C75 /* TestCaseWithAuthentication.m in Sources */ = {isa = PBXBuildFile; fileRef = EAADEE0312F9D5EC00899C75 /* TestCaseWithAuthentication.m */; };
		EAADEE0712F9D76C00899C75 /* UserFetcherTestCase.m in Sources */ = {isa = PBXBuildFile; fileRef = EAADEE0612F9D76C00899C75 /* UserFetcherTestCase.m */; };
		EAADEE3012F9E37400899C75 /* UserDeserializationTestCase.m in Sources */ = {isa = PBXBuildFile; fileRef = EAADEE2F12F9E37400899C75 /* UserDeserializationTestCase.m */; };
		EAADEE3412F9E43A00899C75 /* User.h in Headers */ = {isa = PBXBuildFile; fileRef = EAADEE3212F9E43A00899C75 /* User.h */; };
		EAADEE3512F9E43A00899C75 /* User.m in Sources */ = {isa = PBXBuildFile; fileRef = EAADEE3312F9E43A00899C75 /* User.m */; };
		EAADEE3612F9E43A00899C75 /* User.h in Headers */ = {isa = PBXBuildFile; fileRef = EAADEE3212F9E43A00899C75 /* User.h */; };
		EAADEE3712F9E43A00899C75 /* User.m in Sources */ = {isa = PBXBuildFile; fileRef = EAADEE3312F9E43A00899C75 /* User.m */; };
		EAADEE5312F9F4FF00899C75 /* UserFetcher.h in Headers */ = {isa = PBXBuildFile; fileRef = EAADEE5112F9F4FF00899C75 /* UserFetcher.h */; };
		EAADEE5412F9F4FF00899C75 /* UserFetcher.m in Sources */ = {isa = PBXBuildFile; fileRef = EAADEE5212F9F4FF00899C75 /* UserFetcher.m */; };
		EAADEE5512F9F4FF00899C75 /* UserFetcher.h in Headers */ = {isa = PBXBuildFile; fileRef = EAADEE5112F9F4FF00899C75 /* UserFetcher.h */; };
		EAADEE5612F9F4FF00899C75 /* UserFetcher.m in Sources */ = {isa = PBXBuildFile; fileRef = EAADEE5212F9F4FF00899C75 /* UserFetcher.m */; };
		EAADEE5912F9F8EA00899C75 /* ECAuthenticatedFetcher.h in Headers */ = {isa = PBXBuildFile; fileRef = EAADEE5712F9F8EA00899C75 /* ECAuthenticatedFetcher.h */; };
		EAADEE5A12F9F8EA00899C75 /* ECAuthenticatedFetcher.m in Sources */ = {isa = PBXBuildFile; fileRef = EAADEE5812F9F8EA00899C75 /* ECAuthenticatedFetcher.m */; };
		EAADEE5B12F9F8EA00899C75 /* ECAuthenticatedFetcher.h in Headers */ = {isa = PBXBuildFile; fileRef = EAADEE5712F9F8EA00899C75 /* ECAuthenticatedFetcher.h */; };
		EAADEE5C12F9F8EA00899C75 /* ECAuthenticatedFetcher.m in Sources */ = {isa = PBXBuildFile; fileRef = EAADEE5812F9F8EA00899C75 /* ECAuthenticatedFetcher.m */; };
		EAADEEA212FA1CC800899C75 /* ECUtils.h in Headers */ = {isa = PBXBuildFile; fileRef = EAADEEA012FA1CC800899C75 /* ECUtils.h */; };
		EAADEEA312FA1CC800899C75 /* ECUtils.m in Sources */ = {isa = PBXBuildFile; fileRef = EAADEEA112FA1CC800899C75 /* ECUtils.m */; };
		EAADEEA412FA1CC800899C75 /* ECUtils.h in Headers */ = {isa = PBXBuildFile; fileRef = EAADEEA012FA1CC800899C75 /* ECUtils.h */; };
		EAADEEA512FA1CC800899C75 /* ECUtils.m in Sources */ = {isa = PBXBuildFile; fileRef = EAADEEA112FA1CC800899C75 /* ECUtils.m */; };
		EABEE8CE12F8BC6F0028857E /* JSON.h in Headers */ = {isa = PBXBuildFile; fileRef = EABEE8BB12F8BC6F0028857E /* JSON.h */; };
		EABEE8CF12F8BC6F0028857E /* NSObject+JSON.h in Headers */ = {isa = PBXBuildFile; fileRef = EABEE8BC12F8BC6F0028857E /* NSObject+JSON.h */; };
		EABEE8D012F8BC6F0028857E /* NSObject+JSON.m in Sources */ = {isa = PBXBuildFile; fileRef = EABEE8BD12F8BC6F0028857E /* NSObject+JSON.m */; };
		EABEE8D112F8BC6F0028857E /* SBJsonParser.h in Headers */ = {isa = PBXBuildFile; fileRef = EABEE8BE12F8BC6F0028857E /* SBJsonParser.h */; };
		EABEE8D212F8BC6F0028857E /* SBJsonParser.m in Sources */ = {isa = PBXBuildFile; fileRef = EABEE8BF12F8BC6F0028857E /* SBJsonParser.m */; };
		EABEE8D312F8BC6F0028857E /* SBJsonStreamParser.h in Headers */ = {isa = PBXBuildFile; fileRef = EABEE8C012F8BC6F0028857E /* SBJsonStreamParser.h */; };
		EABEE8D412F8BC6F0028857E /* SBJsonStreamParser.m in Sources */ = {isa = PBXBuildFile; fileRef = EABEE8C112F8BC6F0028857E /* SBJsonStreamParser.m */; };
		EABEE8D512F8BC6F0028857E /* SBJsonStreamParserAdapter.h in Headers */ = {isa = PBXBuildFile; fileRef = EABEE8C212F8BC6F0028857E /* SBJsonStreamParserAdapter.h */; };
		EABEE8D612F8BC6F0028857E /* SBJsonStreamParserAdapter.m in Sources */ = {isa = PBXBuildFile; fileRef = EABEE8C312F8BC6F0028857E /* SBJsonStreamParserAdapter.m */; };
		EABEE8D712F8BC6F0028857E /* SBJsonStreamParserState.h in Headers */ = {isa = PBXBuildFile; fileRef = EABEE8C412F8BC6F0028857E /* SBJsonStreamParserState.h */; };
		EABEE8D812F8BC6F0028857E /* SBJsonStreamParserState.m in Sources */ = {isa = PBXBuildFile; fileRef = EABEE8C512F8BC6F0028857E /* SBJsonStreamParserState.m */; };
		EABEE8D912F8BC6F0028857E /* SBJsonStreamWriter.h in Headers */ = {isa = PBXBuildFile; fileRef = EABEE8C612F8BC6F0028857E /* SBJsonStreamWriter.h */; };
		EABEE8DA12F8BC6F0028857E /* SBJsonStreamWriter.m in Sources */ = {isa = PBXBuildFile; fileRef = EABEE8C712F8BC6F0028857E /* SBJsonStreamWriter.m */; };
		EABEE8DB12F8BC6F0028857E /* SBJsonStreamWriterState.h in Headers */ = {isa = PBXBuildFile; fileRef = EABEE8C812F8BC6F0028857E /* SBJsonStreamWriterState.h */; };
		EABEE8DC12F8BC6F0028857E /* SBJsonStreamWriterState.m in Sources */ = {isa = PBXBuildFile; fileRef = EABEE8C912F8BC6F0028857E /* SBJsonStreamWriterState.m */; };
		EABEE8DD12F8BC6F0028857E /* SBJsonTokeniser.h in Headers */ = {isa = PBXBuildFile; fileRef = EABEE8CA12F8BC6F0028857E /* SBJsonTokeniser.h */; };
		EABEE8DE12F8BC6F0028857E /* SBJsonTokeniser.m in Sources */ = {isa = PBXBuildFile; fileRef = EABEE8CB12F8BC6F0028857E /* SBJsonTokeniser.m */; };
		EABEE8DF12F8BC6F0028857E /* SBJsonWriter.h in Headers */ = {isa = PBXBuildFile; fileRef = EABEE8CC12F8BC6F0028857E /* SBJsonWriter.h */; };
		EABEE8E012F8BC6F0028857E /* SBJsonWriter.m in Sources */ = {isa = PBXBuildFile; fileRef = EABEE8CD12F8BC6F0028857E /* SBJsonWriter.m */; };
		EABEE8E712F8BE3E0028857E /* ECSession.m in Sources */ = {isa = PBXBuildFile; fileRef = EABEE87712F8AFB50028857E /* ECSession.m */; };
		EABEEA8712F8CE620028857E /* GHUnitIOS.framework in Frameworks */ = {isa = PBXBuildFile; fileRef = EABEEA8612F8CE620028857E /* GHUnitIOS.framework */; };
		EABEEAA412F8CECA0028857E /* Foundation.framework in Frameworks */ = {isa = PBXBuildFile; fileRef = AACBBE490F95108600F1A2B1 /* Foundation.framework */; };
		EABEEAA512F8CECA0028857E /* CoreGraphics.framework in Frameworks */ = {isa = PBXBuildFile; fileRef = EA32AC0D12F871190025F080 /* CoreGraphics.framework */; };
		EABEEAA612F8CECA0028857E /* UIKit.framework in Frameworks */ = {isa = PBXBuildFile; fileRef = EA32AC1312F871190025F080 /* UIKit.framework */; };
		EABEEAA712F8CECA0028857E /* GHUnitIOS.framework in Frameworks */ = {isa = PBXBuildFile; fileRef = EABEEA8612F8CE620028857E /* GHUnitIOS.framework */; };
		EABEEAB312F8D0590028857E /* Tests_Prefix.pch in Headers */ = {isa = PBXBuildFile; fileRef = EABEEAB112F8D02B0028857E /* Tests_Prefix.pch */; };
		EABEEAB412F8D0690028857E /* CFNetwork.framework in Frameworks */ = {isa = PBXBuildFile; fileRef = EA32AC0B12F871190025F080 /* CFNetwork.framework */; };
		EABEEAB512F8D0690028857E /* MobileCoreServices.framework in Frameworks */ = {isa = PBXBuildFile; fileRef = EA32AC0F12F871190025F080 /* MobileCoreServices.framework */; };
		EABEEAB612F8D0690028857E /* SystemConfiguration.framework in Frameworks */ = {isa = PBXBuildFile; fileRef = EA32AC1112F871190025F080 /* SystemConfiguration.framework */; };
		EABEEAB712F8D0690028857E /* libz.1.2.3.dylib in Frameworks */ = {isa = PBXBuildFile; fileRef = EA32AC1512F871190025F080 /* libz.1.2.3.dylib */; };
		EABEEAB912F8D0780028857E /* ECSessionTestCase.m in Sources */ = {isa = PBXBuildFile; fileRef = EABEE86812F8AA1B0028857E /* ECSessionTestCase.m */; };
		EABEEABA12F8D0880028857E /* NSObject+JSON.m in Sources */ = {isa = PBXBuildFile; fileRef = EABEE8BD12F8BC6F0028857E /* NSObject+JSON.m */; };
		EABEEABB12F8D0880028857E /* SBJsonParser.m in Sources */ = {isa = PBXBuildFile; fileRef = EABEE8BF12F8BC6F0028857E /* SBJsonParser.m */; };
		EABEEABC12F8D0880028857E /* SBJsonStreamParser.m in Sources */ = {isa = PBXBuildFile; fileRef = EABEE8C112F8BC6F0028857E /* SBJsonStreamParser.m */; };
		EABEEABD12F8D0880028857E /* SBJsonStreamParserAdapter.m in Sources */ = {isa = PBXBuildFile; fileRef = EABEE8C312F8BC6F0028857E /* SBJsonStreamParserAdapter.m */; };
		EABEEABE12F8D0880028857E /* SBJsonStreamParserState.m in Sources */ = {isa = PBXBuildFile; fileRef = EABEE8C512F8BC6F0028857E /* SBJsonStreamParserState.m */; };
		EABEEABF12F8D0880028857E /* SBJsonStreamWriter.m in Sources */ = {isa = PBXBuildFile; fileRef = EABEE8C712F8BC6F0028857E /* SBJsonStreamWriter.m */; };
		EABEEAC012F8D0880028857E /* SBJsonStreamWriterState.m in Sources */ = {isa = PBXBuildFile; fileRef = EABEE8C912F8BC6F0028857E /* SBJsonStreamWriterState.m */; };
		EABEEAC112F8D0880028857E /* SBJsonTokeniser.m in Sources */ = {isa = PBXBuildFile; fileRef = EABEE8CB12F8BC6F0028857E /* SBJsonTokeniser.m */; };
		EABEEAC212F8D0880028857E /* SBJsonWriter.m in Sources */ = {isa = PBXBuildFile; fileRef = EABEE8CD12F8BC6F0028857E /* SBJsonWriter.m */; };
		EABEEAC312F8D09C0028857E /* ASIAuthenticationDialog.m in Sources */ = {isa = PBXBuildFile; fileRef = EA32AC5912F872680025F080 /* ASIAuthenticationDialog.m */; };
		EABEEAC412F8D09C0028857E /* ASIDataCompressor.m in Sources */ = {isa = PBXBuildFile; fileRef = EA32AC5C12F872680025F080 /* ASIDataCompressor.m */; };
		EABEEAC512F8D09C0028857E /* ASIDataDecompressor.m in Sources */ = {isa = PBXBuildFile; fileRef = EA32AC5E12F872680025F080 /* ASIDataDecompressor.m */; };
		EABEEAC612F8D09C0028857E /* ASIDownloadCache.m in Sources */ = {isa = PBXBuildFile; fileRef = EA32AC6012F872680025F080 /* ASIDownloadCache.m */; };
		EABEEAC712F8D09C0028857E /* ASIFormDataRequest.m in Sources */ = {isa = PBXBuildFile; fileRef = EA32AC6212F872680025F080 /* ASIFormDataRequest.m */; };
		EABEEAC812F8D09C0028857E /* ASIHTTPRequest.m in Sources */ = {isa = PBXBuildFile; fileRef = EA32AC6412F872680025F080 /* ASIHTTPRequest.m */; };
		EABEEAC912F8D09C0028857E /* ASIInputStream.m in Sources */ = {isa = PBXBuildFile; fileRef = EA32AC6812F872680025F080 /* ASIInputStream.m */; };
		EABEEACA12F8D09C0028857E /* ASINetworkQueue.m in Sources */ = {isa = PBXBuildFile; fileRef = EA32AC6A12F872680025F080 /* ASINetworkQueue.m */; };
		EABEEACB12F8D09C0028857E /* Reachability.m in Sources */ = {isa = PBXBuildFile; fileRef = EA32AC5112F8715E0025F080 /* Reachability.m */; };
		EABEEAD612F8D12D0028857E /* GHUnitIOSTestMain.m in Sources */ = {isa = PBXBuildFile; fileRef = EABEEAD512F8D12D0028857E /* GHUnitIOSTestMain.m */; };
		EABEEAF712F8D3410028857E /* ECSession.m in Sources */ = {isa = PBXBuildFile; fileRef = EABEE87712F8AFB50028857E /* ECSession.m */; };
		EABEEAF812F8D34B0028857E /* ECConstants.h in Headers */ = {isa = PBXBuildFile; fileRef = EABEE89912F8B9450028857E /* ECConstants.h */; };
		EAC052B41301FBA40002B434 /* JSONUnarchiver.h in Headers */ = {isa = PBXBuildFile; fileRef = EAC052AF1301FBA40002B434 /* JSONUnarchiver.h */; };
		EAC052B51301FBA40002B434 /* JSONUnarchiver.h in Headers */ = {isa = PBXBuildFile; fileRef = EAC052AF1301FBA40002B434 /* JSONUnarchiver.h */; };
		EAC052B61301FBA40002B434 /* JSONUnarchiver.m in Sources */ = {isa = PBXBuildFile; fileRef = EAC052B01301FBA40002B434 /* JSONUnarchiver.m */; };
		EAC052B71301FBA40002B434 /* JSONUnarchiver.m in Sources */ = {isa = PBXBuildFile; fileRef = EAC052B01301FBA40002B434 /* JSONUnarchiver.m */; };
		EAC052B81301FBA40002B434 /* WebCoder.h in Headers */ = {isa = PBXBuildFile; fileRef = EAC052B11301FBA40002B434 /* WebCoder.h */; };
		EAC052B91301FBA40002B434 /* WebCoder.h in Headers */ = {isa = PBXBuildFile; fileRef = EAC052B11301FBA40002B434 /* WebCoder.h */; };
		EAC052BA1301FBA40002B434 /* XMLUnarchiver.h in Headers */ = {isa = PBXBuildFile; fileRef = EAC052B21301FBA40002B434 /* XMLUnarchiver.h */; };
		EAC052BB1301FBA40002B434 /* XMLUnarchiver.h in Headers */ = {isa = PBXBuildFile; fileRef = EAC052B21301FBA40002B434 /* XMLUnarchiver.h */; };
		EAC052BC1301FBA40002B434 /* XMLUnarchiver.m in Sources */ = {isa = PBXBuildFile; fileRef = EAC052B31301FBA40002B434 /* XMLUnarchiver.m */; };
		EAC052BD1301FBA40002B434 /* XMLUnarchiver.m in Sources */ = {isa = PBXBuildFile; fileRef = EAC052B31301FBA40002B434 /* XMLUnarchiver.m */; };
/* End PBXBuildFile section */

/* Begin PBXFileReference section */
		AA747D9E0F9514B9006C5449 /* ECAPI_Prefix.pch */ = {isa = PBXFileReference; fileEncoding = 4; lastKnownFileType = sourcecode.c.h; path = ECAPI_Prefix.pch; sourceTree = SOURCE_ROOT; };
		AACBBE490F95108600F1A2B1 /* Foundation.framework */ = {isa = PBXFileReference; lastKnownFileType = wrapper.framework; name = Foundation.framework; path = System/Library/Frameworks/Foundation.framework; sourceTree = SDKROOT; };
		D2AAC07E0554694100DB518D /* libECAPI.a */ = {isa = PBXFileReference; explicitFileType = archive.ar; includeInIndex = 0; path = libECAPI.a; sourceTree = BUILT_PRODUCTS_DIR; };
		EA15EE0012FB17AC00D60A83 /* CourseDeserializationTestCase.m */ = {isa = PBXFileReference; fileEncoding = 4; lastKnownFileType = sourcecode.c.objc; path = CourseDeserializationTestCase.m; sourceTree = "<group>"; };
		EA15EE4F12FB5EF100D60A83 /* Course.h */ = {isa = PBXFileReference; fileEncoding = 4; lastKnownFileType = sourcecode.c.h; path = Course.h; sourceTree = "<group>"; };
		EA15EE5012FB5EF100D60A83 /* Course.m */ = {isa = PBXFileReference; fileEncoding = 4; lastKnownFileType = sourcecode.c.objc; path = Course.m; sourceTree = "<group>"; };
		EA32AC0B12F871190025F080 /* CFNetwork.framework */ = {isa = PBXFileReference; lastKnownFileType = wrapper.framework; name = CFNetwork.framework; path = System/Library/Frameworks/CFNetwork.framework; sourceTree = SDKROOT; };
		EA32AC0D12F871190025F080 /* CoreGraphics.framework */ = {isa = PBXFileReference; lastKnownFileType = wrapper.framework; name = CoreGraphics.framework; path = System/Library/Frameworks/CoreGraphics.framework; sourceTree = SDKROOT; };
		EA32AC0F12F871190025F080 /* MobileCoreServices.framework */ = {isa = PBXFileReference; lastKnownFileType = wrapper.framework; name = MobileCoreServices.framework; path = System/Library/Frameworks/MobileCoreServices.framework; sourceTree = SDKROOT; };
		EA32AC1112F871190025F080 /* SystemConfiguration.framework */ = {isa = PBXFileReference; lastKnownFileType = wrapper.framework; name = SystemConfiguration.framework; path = System/Library/Frameworks/SystemConfiguration.framework; sourceTree = SDKROOT; };
		EA32AC1312F871190025F080 /* UIKit.framework */ = {isa = PBXFileReference; lastKnownFileType = wrapper.framework; name = UIKit.framework; path = System/Library/Frameworks/UIKit.framework; sourceTree = SDKROOT; };
		EA32AC1512F871190025F080 /* libz.1.2.3.dylib */ = {isa = PBXFileReference; lastKnownFileType = "compiled.mach-o.dylib"; name = libz.1.2.3.dylib; path = usr/lib/libz.1.2.3.dylib; sourceTree = SDKROOT; };
		EA32AC5012F8715E0025F080 /* Reachability.h */ = {isa = PBXFileReference; fileEncoding = 4; lastKnownFileType = sourcecode.c.h; name = Reachability.h; path = "../asi-http-request/External/Reachability/Reachability.h"; sourceTree = SOURCE_ROOT; };
		EA32AC5112F8715E0025F080 /* Reachability.m */ = {isa = PBXFileReference; fileEncoding = 4; lastKnownFileType = sourcecode.c.objc; name = Reachability.m; path = "../asi-http-request/External/Reachability/Reachability.m"; sourceTree = SOURCE_ROOT; };
		EA32AC5812F872680025F080 /* ASIAuthenticationDialog.h */ = {isa = PBXFileReference; fileEncoding = 4; lastKnownFileType = sourcecode.c.h; name = ASIAuthenticationDialog.h; path = "../asi-http-request/Classes/ASIAuthenticationDialog.h"; sourceTree = SOURCE_ROOT; };
		EA32AC5912F872680025F080 /* ASIAuthenticationDialog.m */ = {isa = PBXFileReference; fileEncoding = 4; lastKnownFileType = sourcecode.c.objc; name = ASIAuthenticationDialog.m; path = "../asi-http-request/Classes/ASIAuthenticationDialog.m"; sourceTree = SOURCE_ROOT; };
		EA32AC5A12F872680025F080 /* ASICacheDelegate.h */ = {isa = PBXFileReference; fileEncoding = 4; lastKnownFileType = sourcecode.c.h; name = ASICacheDelegate.h; path = "../asi-http-request/Classes/ASICacheDelegate.h"; sourceTree = SOURCE_ROOT; };
		EA32AC5B12F872680025F080 /* ASIDataCompressor.h */ = {isa = PBXFileReference; fileEncoding = 4; lastKnownFileType = sourcecode.c.h; name = ASIDataCompressor.h; path = "../asi-http-request/Classes/ASIDataCompressor.h"; sourceTree = SOURCE_ROOT; };
		EA32AC5C12F872680025F080 /* ASIDataCompressor.m */ = {isa = PBXFileReference; fileEncoding = 4; lastKnownFileType = sourcecode.c.objc; name = ASIDataCompressor.m; path = "../asi-http-request/Classes/ASIDataCompressor.m"; sourceTree = SOURCE_ROOT; };
		EA32AC5D12F872680025F080 /* ASIDataDecompressor.h */ = {isa = PBXFileReference; fileEncoding = 4; lastKnownFileType = sourcecode.c.h; name = ASIDataDecompressor.h; path = "../asi-http-request/Classes/ASIDataDecompressor.h"; sourceTree = SOURCE_ROOT; };
		EA32AC5E12F872680025F080 /* ASIDataDecompressor.m */ = {isa = PBXFileReference; fileEncoding = 4; lastKnownFileType = sourcecode.c.objc; name = ASIDataDecompressor.m; path = "../asi-http-request/Classes/ASIDataDecompressor.m"; sourceTree = SOURCE_ROOT; };
		EA32AC5F12F872680025F080 /* ASIDownloadCache.h */ = {isa = PBXFileReference; fileEncoding = 4; lastKnownFileType = sourcecode.c.h; name = ASIDownloadCache.h; path = "../asi-http-request/Classes/ASIDownloadCache.h"; sourceTree = SOURCE_ROOT; };
		EA32AC6012F872680025F080 /* ASIDownloadCache.m */ = {isa = PBXFileReference; fileEncoding = 4; lastKnownFileType = sourcecode.c.objc; name = ASIDownloadCache.m; path = "../asi-http-request/Classes/ASIDownloadCache.m"; sourceTree = SOURCE_ROOT; };
		EA32AC6112F872680025F080 /* ASIFormDataRequest.h */ = {isa = PBXFileReference; fileEncoding = 4; lastKnownFileType = sourcecode.c.h; name = ASIFormDataRequest.h; path = "../asi-http-request/Classes/ASIFormDataRequest.h"; sourceTree = SOURCE_ROOT; };
		EA32AC6212F872680025F080 /* ASIFormDataRequest.m */ = {isa = PBXFileReference; fileEncoding = 4; lastKnownFileType = sourcecode.c.objc; name = ASIFormDataRequest.m; path = "../asi-http-request/Classes/ASIFormDataRequest.m"; sourceTree = SOURCE_ROOT; };
		EA32AC6312F872680025F080 /* ASIHTTPRequest.h */ = {isa = PBXFileReference; fileEncoding = 4; lastKnownFileType = sourcecode.c.h; name = ASIHTTPRequest.h; path = "../asi-http-request/Classes/ASIHTTPRequest.h"; sourceTree = SOURCE_ROOT; };
		EA32AC6412F872680025F080 /* ASIHTTPRequest.m */ = {isa = PBXFileReference; fileEncoding = 4; lastKnownFileType = sourcecode.c.objc; name = ASIHTTPRequest.m; path = "../asi-http-request/Classes/ASIHTTPRequest.m"; sourceTree = SOURCE_ROOT; };
		EA32AC6512F872680025F080 /* ASIHTTPRequestConfig.h */ = {isa = PBXFileReference; fileEncoding = 4; lastKnownFileType = sourcecode.c.h; name = ASIHTTPRequestConfig.h; path = "../asi-http-request/Classes/ASIHTTPRequestConfig.h"; sourceTree = SOURCE_ROOT; };
		EA32AC6612F872680025F080 /* ASIHTTPRequestDelegate.h */ = {isa = PBXFileReference; fileEncoding = 4; lastKnownFileType = sourcecode.c.h; name = ASIHTTPRequestDelegate.h; path = "../asi-http-request/Classes/ASIHTTPRequestDelegate.h"; sourceTree = SOURCE_ROOT; };
		EA32AC6712F872680025F080 /* ASIInputStream.h */ = {isa = PBXFileReference; fileEncoding = 4; lastKnownFileType = sourcecode.c.h; name = ASIInputStream.h; path = "../asi-http-request/Classes/ASIInputStream.h"; sourceTree = SOURCE_ROOT; };
		EA32AC6812F872680025F080 /* ASIInputStream.m */ = {isa = PBXFileReference; fileEncoding = 4; lastKnownFileType = sourcecode.c.objc; name = ASIInputStream.m; path = "../asi-http-request/Classes/ASIInputStream.m"; sourceTree = SOURCE_ROOT; };
		EA32AC6912F872680025F080 /* ASINetworkQueue.h */ = {isa = PBXFileReference; fileEncoding = 4; lastKnownFileType = sourcecode.c.h; name = ASINetworkQueue.h; path = "../asi-http-request/Classes/ASINetworkQueue.h"; sourceTree = SOURCE_ROOT; };
		EA32AC6A12F872680025F080 /* ASINetworkQueue.m */ = {isa = PBXFileReference; fileEncoding = 4; lastKnownFileType = sourcecode.c.objc; name = ASINetworkQueue.m; path = "../asi-http-request/Classes/ASINetworkQueue.m"; sourceTree = SOURCE_ROOT; };
		EA32AC6B12F872680025F080 /* ASIProgressDelegate.h */ = {isa = PBXFileReference; fileEncoding = 4; lastKnownFileType = sourcecode.c.h; name = ASIProgressDelegate.h; path = "../asi-http-request/Classes/ASIProgressDelegate.h"; sourceTree = SOURCE_ROOT; };
		EA9FC08F12FC6224009AA1FF /* CourseItemDeserializationTestCase.m */ = {isa = PBXFileReference; fileEncoding = 4; lastKnownFileType = sourcecode.c.objc; path = CourseItemDeserializationTestCase.m; sourceTree = "<group>"; };
		EAADEE0212F9D5EC00899C75 /* TestCaseWithAuthentication.h */ = {isa = PBXFileReference; fileEncoding = 4; lastKnownFileType = sourcecode.c.h; path = TestCaseWithAuthentication.h; sourceTree = "<group>"; };
		EAADEE0312F9D5EC00899C75 /* TestCaseWithAuthentication.m */ = {isa = PBXFileReference; fileEncoding = 4; lastKnownFileType = sourcecode.c.objc; path = TestCaseWithAuthentication.m; sourceTree = "<group>"; };
		EAADEE0612F9D76C00899C75 /* UserFetcherTestCase.m */ = {isa = PBXFileReference; fileEncoding = 4; lastKnownFileType = sourcecode.c.objc; path = UserFetcherTestCase.m; sourceTree = "<group>"; };
		EAADEE2F12F9E37400899C75 /* UserDeserializationTestCase.m */ = {isa = PBXFileReference; fileEncoding = 4; lastKnownFileType = sourcecode.c.objc; path = UserDeserializationTestCase.m; sourceTree = "<group>"; };
		EAADEE3212F9E43A00899C75 /* User.h */ = {isa = PBXFileReference; fileEncoding = 4; lastKnownFileType = sourcecode.c.h; path = User.h; sourceTree = "<group>"; };
		EAADEE3312F9E43A00899C75 /* User.m */ = {isa = PBXFileReference; fileEncoding = 4; lastKnownFileType = sourcecode.c.objc; path = User.m; sourceTree = "<group>"; };
		EAADEE5112F9F4FF00899C75 /* UserFetcher.h */ = {isa = PBXFileReference; fileEncoding = 4; lastKnownFileType = sourcecode.c.h; path = UserFetcher.h; sourceTree = "<group>"; };
		EAADEE5212F9F4FF00899C75 /* UserFetcher.m */ = {isa = PBXFileReference; fileEncoding = 4; lastKnownFileType = sourcecode.c.objc; path = UserFetcher.m; sourceTree = "<group>"; };
		EAADEE5712F9F8EA00899C75 /* ECAuthenticatedFetcher.h */ = {isa = PBXFileReference; fileEncoding = 4; lastKnownFileType = sourcecode.c.h; path = ECAuthenticatedFetcher.h; sourceTree = "<group>"; };
		EAADEE5812F9F8EA00899C75 /* ECAuthenticatedFetcher.m */ = {isa = PBXFileReference; fileEncoding = 4; lastKnownFileType = sourcecode.c.objc; path = ECAuthenticatedFetcher.m; sourceTree = "<group>"; };
		EAADEEA012FA1CC800899C75 /* ECUtils.h */ = {isa = PBXFileReference; fileEncoding = 4; lastKnownFileType = sourcecode.c.h; path = ECUtils.h; sourceTree = "<group>"; };
		EAADEEA112FA1CC800899C75 /* ECUtils.m */ = {isa = PBXFileReference; fileEncoding = 4; lastKnownFileType = sourcecode.c.objc; path = ECUtils.m; sourceTree = "<group>"; };
		EABEE86812F8AA1B0028857E /* ECSessionTestCase.m */ = {isa = PBXFileReference; fileEncoding = 4; lastKnownFileType = sourcecode.c.objc; path = ECSessionTestCase.m; sourceTree = "<group>"; };
		EABEE87612F8AFB50028857E /* ECSession.h */ = {isa = PBXFileReference; fileEncoding = 4; lastKnownFileType = sourcecode.c.h; path = ECSession.h; sourceTree = "<group>"; };
		EABEE87712F8AFB50028857E /* ECSession.m */ = {isa = PBXFileReference; fileEncoding = 4; lastKnownFileType = sourcecode.c.objc; path = ECSession.m; sourceTree = "<group>"; };
		EABEE89912F8B9450028857E /* ECConstants.h */ = {isa = PBXFileReference; fileEncoding = 4; lastKnownFileType = sourcecode.c.h; path = ECConstants.h; sourceTree = "<group>"; };
		EABEE8BB12F8BC6F0028857E /* JSON.h */ = {isa = PBXFileReference; fileEncoding = 4; lastKnownFileType = sourcecode.c.h; name = JSON.h; path = "../json-framework/Classes/JSON.h"; sourceTree = SOURCE_ROOT; };
		EABEE8BC12F8BC6F0028857E /* NSObject+JSON.h */ = {isa = PBXFileReference; fileEncoding = 4; lastKnownFileType = sourcecode.c.h; name = "NSObject+JSON.h"; path = "../json-framework/Classes/NSObject+JSON.h"; sourceTree = SOURCE_ROOT; };
		EABEE8BD12F8BC6F0028857E /* NSObject+JSON.m */ = {isa = PBXFileReference; fileEncoding = 4; lastKnownFileType = sourcecode.c.objc; name = "NSObject+JSON.m"; path = "../json-framework/Classes/NSObject+JSON.m"; sourceTree = SOURCE_ROOT; };
		EABEE8BE12F8BC6F0028857E /* SBJsonParser.h */ = {isa = PBXFileReference; fileEncoding = 4; lastKnownFileType = sourcecode.c.h; name = SBJsonParser.h; path = "../json-framework/Classes/SBJsonParser.h"; sourceTree = SOURCE_ROOT; };
		EABEE8BF12F8BC6F0028857E /* SBJsonParser.m */ = {isa = PBXFileReference; fileEncoding = 4; lastKnownFileType = sourcecode.c.objc; name = SBJsonParser.m; path = "../json-framework/Classes/SBJsonParser.m"; sourceTree = SOURCE_ROOT; };
		EABEE8C012F8BC6F0028857E /* SBJsonStreamParser.h */ = {isa = PBXFileReference; fileEncoding = 4; lastKnownFileType = sourcecode.c.h; name = SBJsonStreamParser.h; path = "../json-framework/Classes/SBJsonStreamParser.h"; sourceTree = SOURCE_ROOT; };
		EABEE8C112F8BC6F0028857E /* SBJsonStreamParser.m */ = {isa = PBXFileReference; fileEncoding = 4; lastKnownFileType = sourcecode.c.objc; name = SBJsonStreamParser.m; path = "../json-framework/Classes/SBJsonStreamParser.m"; sourceTree = SOURCE_ROOT; };
		EABEE8C212F8BC6F0028857E /* SBJsonStreamParserAdapter.h */ = {isa = PBXFileReference; fileEncoding = 4; lastKnownFileType = sourcecode.c.h; name = SBJsonStreamParserAdapter.h; path = "../json-framework/Classes/SBJsonStreamParserAdapter.h"; sourceTree = SOURCE_ROOT; };
		EABEE8C312F8BC6F0028857E /* SBJsonStreamParserAdapter.m */ = {isa = PBXFileReference; fileEncoding = 4; lastKnownFileType = sourcecode.c.objc; name = SBJsonStreamParserAdapter.m; path = "../json-framework/Classes/SBJsonStreamParserAdapter.m"; sourceTree = SOURCE_ROOT; };
		EABEE8C412F8BC6F0028857E /* SBJsonStreamParserState.h */ = {isa = PBXFileReference; fileEncoding = 4; lastKnownFileType = sourcecode.c.h; name = SBJsonStreamParserState.h; path = "../json-framework/Classes/SBJsonStreamParserState.h"; sourceTree = SOURCE_ROOT; };
		EABEE8C512F8BC6F0028857E /* SBJsonStreamParserState.m */ = {isa = PBXFileReference; fileEncoding = 4; lastKnownFileType = sourcecode.c.objc; name = SBJsonStreamParserState.m; path = "../json-framework/Classes/SBJsonStreamParserState.m"; sourceTree = SOURCE_ROOT; };
		EABEE8C612F8BC6F0028857E /* SBJsonStreamWriter.h */ = {isa = PBXFileReference; fileEncoding = 4; lastKnownFileType = sourcecode.c.h; name = SBJsonStreamWriter.h; path = "../json-framework/Classes/SBJsonStreamWriter.h"; sourceTree = SOURCE_ROOT; };
		EABEE8C712F8BC6F0028857E /* SBJsonStreamWriter.m */ = {isa = PBXFileReference; fileEncoding = 4; lastKnownFileType = sourcecode.c.objc; name = SBJsonStreamWriter.m; path = "../json-framework/Classes/SBJsonStreamWriter.m"; sourceTree = SOURCE_ROOT; };
		EABEE8C812F8BC6F0028857E /* SBJsonStreamWriterState.h */ = {isa = PBXFileReference; fileEncoding = 4; lastKnownFileType = sourcecode.c.h; name = SBJsonStreamWriterState.h; path = "../json-framework/Classes/SBJsonStreamWriterState.h"; sourceTree = SOURCE_ROOT; };
		EABEE8C912F8BC6F0028857E /* SBJsonStreamWriterState.m */ = {isa = PBXFileReference; fileEncoding = 4; lastKnownFileType = sourcecode.c.objc; name = SBJsonStreamWriterState.m; path = "../json-framework/Classes/SBJsonStreamWriterState.m"; sourceTree = SOURCE_ROOT; };
		EABEE8CA12F8BC6F0028857E /* SBJsonTokeniser.h */ = {isa = PBXFileReference; fileEncoding = 4; lastKnownFileType = sourcecode.c.h; name = SBJsonTokeniser.h; path = "../json-framework/Classes/SBJsonTokeniser.h"; sourceTree = SOURCE_ROOT; };
		EABEE8CB12F8BC6F0028857E /* SBJsonTokeniser.m */ = {isa = PBXFileReference; fileEncoding = 4; lastKnownFileType = sourcecode.c.objc; name = SBJsonTokeniser.m; path = "../json-framework/Classes/SBJsonTokeniser.m"; sourceTree = SOURCE_ROOT; };
		EABEE8CC12F8BC6F0028857E /* SBJsonWriter.h */ = {isa = PBXFileReference; fileEncoding = 4; lastKnownFileType = sourcecode.c.h; name = SBJsonWriter.h; path = "../json-framework/Classes/SBJsonWriter.h"; sourceTree = SOURCE_ROOT; };
		EABEE8CD12F8BC6F0028857E /* SBJsonWriter.m */ = {isa = PBXFileReference; fileEncoding = 4; lastKnownFileType = sourcecode.c.objc; name = SBJsonWriter.m; path = "../json-framework/Classes/SBJsonWriter.m"; sourceTree = SOURCE_ROOT; };
		EABEEA8012F8CBE40028857E /* Tests.app */ = {isa = PBXFileReference; explicitFileType = wrapper.application; includeInIndex = 0; path = Tests.app; sourceTree = BUILT_PRODUCTS_DIR; };
		EABEEA8212F8CBE50028857E /* Tests-Info.plist */ = {isa = PBXFileReference; lastKnownFileType = text.plist.xml; path = "Tests-Info.plist"; sourceTree = "<group>"; };
		EABEEA8612F8CE620028857E /* GHUnitIOS.framework */ = {isa = PBXFileReference; lastKnownFileType = wrapper.framework; name = GHUnitIOS.framework; path = ../frameworks/GHUnitIOS.framework; sourceTree = SOURCE_ROOT; };
		EABEEAB112F8D02B0028857E /* Tests_Prefix.pch */ = {isa = PBXFileReference; fileEncoding = 4; lastKnownFileType = sourcecode.c.h; path = Tests_Prefix.pch; sourceTree = "<group>"; };
		EABEEAD512F8D12D0028857E /* GHUnitIOSTestMain.m */ = {isa = PBXFileReference; fileEncoding = 4; lastKnownFileType = sourcecode.c.objc; name = GHUnitIOSTestMain.m; path = ../frameworks/GHUnitIOSTestMain.m; sourceTree = SOURCE_ROOT; };
		EAC052AF1301FBA40002B434 /* JSONUnarchiver.h */ = {isa = PBXFileReference; fileEncoding = 4; lastKnownFileType = sourcecode.c.h; name = JSONUnarchiver.h; path = ../WebCoder/Classes/WebCoder/JSONUnarchiver.h; sourceTree = "<group>"; };
		EAC052B01301FBA40002B434 /* JSONUnarchiver.m */ = {isa = PBXFileReference; fileEncoding = 4; lastKnownFileType = sourcecode.c.objc; name = JSONUnarchiver.m; path = ../WebCoder/Classes/WebCoder/JSONUnarchiver.m; sourceTree = "<group>"; };
		EAC052B11301FBA40002B434 /* WebCoder.h */ = {isa = PBXFileReference; fileEncoding = 4; lastKnownFileType = sourcecode.c.h; name = WebCoder.h; path = ../WebCoder/Classes/WebCoder/WebCoder.h; sourceTree = "<group>"; };
		EAC052B21301FBA40002B434 /* XMLUnarchiver.h */ = {isa = PBXFileReference; fileEncoding = 4; lastKnownFileType = sourcecode.c.h; name = XMLUnarchiver.h; path = ../WebCoder/Classes/WebCoder/XMLUnarchiver.h; sourceTree = "<group>"; };
		EAC052B31301FBA40002B434 /* XMLUnarchiver.m */ = {isa = PBXFileReference; fileEncoding = 4; lastKnownFileType = sourcecode.c.objc; name = XMLUnarchiver.m; path = ../WebCoder/Classes/WebCoder/XMLUnarchiver.m; sourceTree = "<group>"; };
/* End PBXFileReference section */

/* Begin PBXFrameworksBuildPhase section */
		D2AAC07C0554694100DB518D /* Frameworks */ = {
			isa = PBXFrameworksBuildPhase;
			buildActionMask = 2147483647;
			files = (
				AACBBE4A0F95108600F1A2B1 /* Foundation.framework in Frameworks */,
				EA32AC0C12F871190025F080 /* CFNetwork.framework in Frameworks */,
				EA32AC0E12F871190025F080 /* CoreGraphics.framework in Frameworks */,
				EA32AC1012F871190025F080 /* MobileCoreServices.framework in Frameworks */,
				EA32AC1212F871190025F080 /* SystemConfiguration.framework in Frameworks */,
				EA32AC1412F871190025F080 /* UIKit.framework in Frameworks */,
				EA32AC1612F871190025F080 /* libz.1.2.3.dylib in Frameworks */,
				EABEEA8712F8CE620028857E /* GHUnitIOS.framework in Frameworks */,
			);
			runOnlyForDeploymentPostprocessing = 0;
		};
		EABEEA7E12F8CBE40028857E /* Frameworks */ = {
			isa = PBXFrameworksBuildPhase;
			buildActionMask = 2147483647;
			files = (
				EABEEAA412F8CECA0028857E /* Foundation.framework in Frameworks */,
				EABEEAB412F8D0690028857E /* CFNetwork.framework in Frameworks */,
				EABEEAA512F8CECA0028857E /* CoreGraphics.framework in Frameworks */,
				EABEEAB512F8D0690028857E /* MobileCoreServices.framework in Frameworks */,
				EABEEAB612F8D0690028857E /* SystemConfiguration.framework in Frameworks */,
				EABEEAA612F8CECA0028857E /* UIKit.framework in Frameworks */,
				EABEEAB712F8D0690028857E /* libz.1.2.3.dylib in Frameworks */,
				EABEEAA712F8CECA0028857E /* GHUnitIOS.framework in Frameworks */,
			);
			runOnlyForDeploymentPostprocessing = 0;
		};
/* End PBXFrameworksBuildPhase section */

/* Begin PBXGroup section */
		034768DFFF38A50411DB9C8B /* Products */ = {
			isa = PBXGroup;
			children = (
				D2AAC07E0554694100DB518D /* libECAPI.a */,
				EABEEA8012F8CBE40028857E /* Tests.app */,
			);
			name = Products;
			sourceTree = "<group>";
		};
		0867D691FE84028FC02AAC07 /* ECAPI */ = {
			isa = PBXGroup;
			children = (
				08FB77AEFE84172EC02AAC07 /* Classes */,
				EA32AC9812F874DC0025F080 /* Tests */,
				32C88DFF0371C24200C91783 /* Other Sources */,
				0867D69AFE84028FC02AAC07 /* Frameworks */,
				034768DFFF38A50411DB9C8B /* Products */,
			);
			name = ECAPI;
			sourceTree = "<group>";
		};
		0867D69AFE84028FC02AAC07 /* Frameworks */ = {
			isa = PBXGroup;
			children = (
				EAC052AE1301FB700002B434 /* WebCoder */,
				EABEE8B512F8BC370028857E /* json-framework */,
				EA32AC2112F871220025F080 /* asi-http-request */,
				AACBBE490F95108600F1A2B1 /* Foundation.framework */,
				EA32AC0B12F871190025F080 /* CFNetwork.framework */,
				EA32AC0D12F871190025F080 /* CoreGraphics.framework */,
				EA32AC0F12F871190025F080 /* MobileCoreServices.framework */,
				EA32AC1112F871190025F080 /* SystemConfiguration.framework */,
				EA32AC1312F871190025F080 /* UIKit.framework */,
				EA32AC1512F871190025F080 /* libz.1.2.3.dylib */,
				EABEEA8612F8CE620028857E /* GHUnitIOS.framework */,
			);
			name = Frameworks;
			sourceTree = "<group>";
		};
		08FB77AEFE84172EC02AAC07 /* Classes */ = {
			isa = PBXGroup;
			children = (
				EAADEE3112F9E41700899C75 /* Models */,
				EAADEE5012F9F4E900899C75 /* Fetchers */,
				EABEE87612F8AFB50028857E /* ECSession.h */,
				EABEE87712F8AFB50028857E /* ECSession.m */,
				EABEE89912F8B9450028857E /* ECConstants.h */,
				EAADEEA012FA1CC800899C75 /* ECUtils.h */,
				EAADEEA112FA1CC800899C75 /* ECUtils.m */,
			);
			name = Classes;
			sourceTree = "<group>";
		};
		32C88DFF0371C24200C91783 /* Other Sources */ = {
			isa = PBXGroup;
			children = (
				AA747D9E0F9514B9006C5449 /* ECAPI_Prefix.pch */,
				EABEEAB112F8D02B0028857E /* Tests_Prefix.pch */,
				EABEEA8212F8CBE50028857E /* Tests-Info.plist */,
			);
			name = "Other Sources";
			sourceTree = "<group>";
		};
		EA32AC2112F871220025F080 /* asi-http-request */ = {
			isa = PBXGroup;
			children = (
				EA32AC5812F872680025F080 /* ASIAuthenticationDialog.h */,
				EA32AC5912F872680025F080 /* ASIAuthenticationDialog.m */,
				EA32AC5A12F872680025F080 /* ASICacheDelegate.h */,
				EA32AC5B12F872680025F080 /* ASIDataCompressor.h */,
				EA32AC5C12F872680025F080 /* ASIDataCompressor.m */,
				EA32AC5D12F872680025F080 /* ASIDataDecompressor.h */,
				EA32AC5E12F872680025F080 /* ASIDataDecompressor.m */,
				EA32AC5F12F872680025F080 /* ASIDownloadCache.h */,
				EA32AC6012F872680025F080 /* ASIDownloadCache.m */,
				EA32AC6112F872680025F080 /* ASIFormDataRequest.h */,
				EA32AC6212F872680025F080 /* ASIFormDataRequest.m */,
				EA32AC6312F872680025F080 /* ASIHTTPRequest.h */,
				EA32AC6412F872680025F080 /* ASIHTTPRequest.m */,
				EA32AC6512F872680025F080 /* ASIHTTPRequestConfig.h */,
				EA32AC6612F872680025F080 /* ASIHTTPRequestDelegate.h */,
				EA32AC6712F872680025F080 /* ASIInputStream.h */,
				EA32AC6812F872680025F080 /* ASIInputStream.m */,
				EA32AC6912F872680025F080 /* ASINetworkQueue.h */,
				EA32AC6A12F872680025F080 /* ASINetworkQueue.m */,
				EA32AC6B12F872680025F080 /* ASIProgressDelegate.h */,
				EA32AC4E12F8714B0025F080 /* External */,
			);
			name = "asi-http-request";
			sourceTree = "<group>";
		};
		EA32AC4E12F8714B0025F080 /* External */ = {
			isa = PBXGroup;
			children = (
				EA32AC4F12F8715E0025F080 /* Reachability */,
			);
			name = External;
			sourceTree = "<group>";
		};
		EA32AC4F12F8715E0025F080 /* Reachability */ = {
			isa = PBXGroup;
			children = (
				EA32AC5012F8715E0025F080 /* Reachability.h */,
				EA32AC5112F8715E0025F080 /* Reachability.m */,
			);
			name = Reachability;
			path = "../asi-http-request/External/Reachability";
			sourceTree = SOURCE_ROOT;
		};
		EA32AC9812F874DC0025F080 /* Tests */ = {
			isa = PBXGroup;
			children = (
				EAADEE4512F9F1CE00899C75 /* Live API Tests */,
				EAADEE2E12F9E35600899C75 /* Model Tests */,
				EABEEAD512F8D12D0028857E /* GHUnitIOSTestMain.m */,
				EAADEE0212F9D5EC00899C75 /* TestCaseWithAuthentication.h */,
				EAADEE0312F9D5EC00899C75 /* TestCaseWithAuthentication.m */,
			);
			name = Tests;
			sourceTree = "<group>";
		};
		EAADEE2E12F9E35600899C75 /* Model Tests */ = {
			isa = PBXGroup;
			children = (
				EAADEE2F12F9E37400899C75 /* UserDeserializationTestCase.m */,
				EA15EE0012FB17AC00D60A83 /* CourseDeserializationTestCase.m */,
				EA9FC08F12FC6224009AA1FF /* CourseItemDeserializationTestCase.m */,
			);
			name = "Model Tests";
			sourceTree = "<group>";
		};
		EAADEE3112F9E41700899C75 /* Models */ = {
			isa = PBXGroup;
			children = (
				EAADEE3212F9E43A00899C75 /* User.h */,
				EAADEE3312F9E43A00899C75 /* User.m */,
				EA15EE4F12FB5EF100D60A83 /* Course.h */,
				EA15EE5012FB5EF100D60A83 /* Course.m */,
			);
			name = Models;
			sourceTree = "<group>";
		};
		EAADEE4512F9F1CE00899C75 /* Live API Tests */ = {
			isa = PBXGroup;
			children = (
				EABEE86812F8AA1B0028857E /* ECSessionTestCase.m */,
				EAADEE0612F9D76C00899C75 /* UserFetcherTestCase.m */,
			);
			name = "Live API Tests";
			sourceTree = "<group>";
		};
		EAADEE5012F9F4E900899C75 /* Fetchers */ = {
			isa = PBXGroup;
			children = (
				EAADEE5712F9F8EA00899C75 /* ECAuthenticatedFetcher.h */,
				EAADEE5812F9F8EA00899C75 /* ECAuthenticatedFetcher.m */,
				EAADEE5112F9F4FF00899C75 /* UserFetcher.h */,
				EAADEE5212F9F4FF00899C75 /* UserFetcher.m */,
			);
			name = Fetchers;
			sourceTree = "<group>";
		};
		EABEE8B512F8BC370028857E /* json-framework */ = {
			isa = PBXGroup;
			children = (
				EABEE8BB12F8BC6F0028857E /* JSON.h */,
				EABEE8BC12F8BC6F0028857E /* NSObject+JSON.h */,
				EABEE8BD12F8BC6F0028857E /* NSObject+JSON.m */,
				EABEE8BE12F8BC6F0028857E /* SBJsonParser.h */,
				EABEE8BF12F8BC6F0028857E /* SBJsonParser.m */,
				EABEE8C012F8BC6F0028857E /* SBJsonStreamParser.h */,
				EABEE8C112F8BC6F0028857E /* SBJsonStreamParser.m */,
				EABEE8C212F8BC6F0028857E /* SBJsonStreamParserAdapter.h */,
				EABEE8C312F8BC6F0028857E /* SBJsonStreamParserAdapter.m */,
				EABEE8C412F8BC6F0028857E /* SBJsonStreamParserState.h */,
				EABEE8C512F8BC6F0028857E /* SBJsonStreamParserState.m */,
				EABEE8C612F8BC6F0028857E /* SBJsonStreamWriter.h */,
				EABEE8C712F8BC6F0028857E /* SBJsonStreamWriter.m */,
				EABEE8C812F8BC6F0028857E /* SBJsonStreamWriterState.h */,
				EABEE8C912F8BC6F0028857E /* SBJsonStreamWriterState.m */,
				EABEE8CA12F8BC6F0028857E /* SBJsonTokeniser.h */,
				EABEE8CB12F8BC6F0028857E /* SBJsonTokeniser.m */,
				EABEE8CC12F8BC6F0028857E /* SBJsonWriter.h */,
				EABEE8CD12F8BC6F0028857E /* SBJsonWriter.m */,
			);
			name = "json-framework";
			sourceTree = "<group>";
		};
		EAC052AE1301FB700002B434 /* WebCoder */ = {
			isa = PBXGroup;
			children = (
				EAC052AF1301FBA40002B434 /* JSONUnarchiver.h */,
				EAC052B01301FBA40002B434 /* JSONUnarchiver.m */,
				EAC052B11301FBA40002B434 /* WebCoder.h */,
				EAC052B21301FBA40002B434 /* XMLUnarchiver.h */,
				EAC052B31301FBA40002B434 /* XMLUnarchiver.m */,
			);
			name = WebCoder;
			sourceTree = "<group>";
		};
/* End PBXGroup section */

/* Begin PBXHeadersBuildPhase section */
		D2AAC07A0554694100DB518D /* Headers */ = {
			isa = PBXHeadersBuildPhase;
			buildActionMask = 2147483647;
			files = (
				AA747D9F0F9514B9006C5449 /* ECAPI_Prefix.pch in Headers */,
				EA32AC5212F8715E0025F080 /* Reachability.h in Headers */,
				EA32AC6C12F872680025F080 /* ASIAuthenticationDialog.h in Headers */,
				EA32AC6E12F872680025F080 /* ASICacheDelegate.h in Headers */,
				EA32AC6F12F872680025F080 /* ASIDataCompressor.h in Headers */,
				EA32AC7112F872680025F080 /* ASIDataDecompressor.h in Headers */,
				EA32AC7312F872680025F080 /* ASIDownloadCache.h in Headers */,
				EA32AC7512F872680025F080 /* ASIFormDataRequest.h in Headers */,
				EA32AC7712F872680025F080 /* ASIHTTPRequest.h in Headers */,
				EA32AC7912F872680025F080 /* ASIHTTPRequestConfig.h in Headers */,
				EA32AC7A12F872680025F080 /* ASIHTTPRequestDelegate.h in Headers */,
				EA32AC7B12F872680025F080 /* ASIInputStream.h in Headers */,
				EA32AC7D12F872680025F080 /* ASINetworkQueue.h in Headers */,
				EA32AC7F12F872680025F080 /* ASIProgressDelegate.h in Headers */,
				EABEE8CE12F8BC6F0028857E /* JSON.h in Headers */,
				EABEE8CF12F8BC6F0028857E /* NSObject+JSON.h in Headers */,
				EABEE8D112F8BC6F0028857E /* SBJsonParser.h in Headers */,
				EABEE8D312F8BC6F0028857E /* SBJsonStreamParser.h in Headers */,
				EABEE8D512F8BC6F0028857E /* SBJsonStreamParserAdapter.h in Headers */,
				EABEE8D712F8BC6F0028857E /* SBJsonStreamParserState.h in Headers */,
				EABEE8D912F8BC6F0028857E /* SBJsonStreamWriter.h in Headers */,
				EABEE8DB12F8BC6F0028857E /* SBJsonStreamWriterState.h in Headers */,
				EABEE8DD12F8BC6F0028857E /* SBJsonTokeniser.h in Headers */,
				EABEE8DF12F8BC6F0028857E /* SBJsonWriter.h in Headers */,
				EAADEE3612F9E43A00899C75 /* User.h in Headers */,
				EAADEE5312F9F4FF00899C75 /* UserFetcher.h in Headers */,
				EAADEE5B12F9F8EA00899C75 /* ECAuthenticatedFetcher.h in Headers */,
				EAADEEA212FA1CC800899C75 /* ECUtils.h in Headers */,
				EA15EE5312FB5EF100D60A83 /* Course.h in Headers */,
				EAC052B41301FBA40002B434 /* JSONUnarchiver.h in Headers */,
				EAC052B81301FBA40002B434 /* WebCoder.h in Headers */,
				EAC052BA1301FBA40002B434 /* XMLUnarchiver.h in Headers */,
			);
			runOnlyForDeploymentPostprocessing = 0;
		};
		EABEEAD312F8D0A80028857E /* Headers */ = {
			isa = PBXHeadersBuildPhase;
			buildActionMask = 2147483647;
			files = (
				EABEEAF812F8D34B0028857E /* ECConstants.h in Headers */,
				EABEEAB312F8D0590028857E /* Tests_Prefix.pch in Headers */,
				EAADEE0412F9D5EC00899C75 /* TestCaseWithAuthentication.h in Headers */,
				EAADEE3412F9E43A00899C75 /* User.h in Headers */,
				EAADEE5512F9F4FF00899C75 /* UserFetcher.h in Headers */,
				EAADEE5912F9F8EA00899C75 /* ECAuthenticatedFetcher.h in Headers */,
				EAADEEA412FA1CC800899C75 /* ECUtils.h in Headers */,
				EA15EE5112FB5EF100D60A83 /* Course.h in Headers */,
				EAC052B51301FBA40002B434 /* JSONUnarchiver.h in Headers */,
				EAC052B91301FBA40002B434 /* WebCoder.h in Headers */,
				EAC052BB1301FBA40002B434 /* XMLUnarchiver.h in Headers */,
			);
			runOnlyForDeploymentPostprocessing = 0;
		};
/* End PBXHeadersBuildPhase section */

/* Begin PBXNativeTarget section */
		D2AAC07D0554694100DB518D /* ECAPI */ = {
			isa = PBXNativeTarget;
			buildConfigurationList = 1DEB921E08733DC00010E9CD /* Build configuration list for PBXNativeTarget "ECAPI" */;
			buildPhases = (
				D2AAC07A0554694100DB518D /* Headers */,
				D2AAC07B0554694100DB518D /* Sources */,
				D2AAC07C0554694100DB518D /* Frameworks */,
			);
			buildRules = (
			);
			dependencies = (
			);
			name = ECAPI;
			productName = ECAPI;
			productReference = D2AAC07E0554694100DB518D /* libECAPI.a */;
			productType = "com.apple.product-type.library.static";
		};
		EABEEA7F12F8CBE40028857E /* Tests */ = {
			isa = PBXNativeTarget;
			buildConfigurationList = EABEEA8512F8CBE50028857E /* Build configuration list for PBXNativeTarget "Tests" */;
			buildPhases = (
				EABEEA7C12F8CBE40028857E /* Resources */,
				EABEEAD312F8D0A80028857E /* Headers */,
				EABEEA7D12F8CBE40028857E /* Sources */,
				EABEEA7E12F8CBE40028857E /* Frameworks */,
				EABEEB1012F8D5150028857E /* ShellScript */,
			);
			buildRules = (
			);
			dependencies = (
			);
			name = Tests;
			productName = Tests;
			productReference = EABEEA8012F8CBE40028857E /* Tests.app */;
			productType = "com.apple.product-type.application";
		};
/* End PBXNativeTarget section */

/* Begin PBXProject section */
		0867D690FE84028FC02AAC07 /* Project object */ = {
			isa = PBXProject;
			attributes = {
				ORGANIZATIONNAME = EffectiveUI;
			};
			buildConfigurationList = 1DEB922208733DC00010E9CD /* Build configuration list for PBXProject "ECAPI" */;
			compatibilityVersion = "Xcode 3.2";
			developmentRegion = English;
			hasScannedForEncodings = 1;
			knownRegions = (
				English,
				Japanese,
				French,
				German,
			);
			mainGroup = 0867D691FE84028FC02AAC07 /* ECAPI */;
			productRefGroup = 034768DFFF38A50411DB9C8B /* Products */;
			projectDirPath = "";
			projectRoot = "";
			targets = (
				D2AAC07D0554694100DB518D /* ECAPI */,
				EABEEA7F12F8CBE40028857E /* Tests */,
			);
		};
/* End PBXProject section */

/* Begin PBXResourcesBuildPhase section */
		EABEEA7C12F8CBE40028857E /* Resources */ = {
			isa = PBXResourcesBuildPhase;
			buildActionMask = 2147483647;
			files = (
			);
			runOnlyForDeploymentPostprocessing = 0;
		};
/* End PBXResourcesBuildPhase section */

/* Begin PBXShellScriptBuildPhase section */
		EABEEB1012F8D5150028857E /* ShellScript */ = {
			isa = PBXShellScriptBuildPhase;
			buildActionMask = 2147483647;
			files = (
			);
			inputPaths = (
			);
			outputPaths = (
			);
			runOnlyForDeploymentPostprocessing = 0;
			shellPath = /bin/sh;
			shellScript = "sh RunTests.sh";
			showEnvVarsInLog = 0;
		};
/* End PBXShellScriptBuildPhase section */

/* Begin PBXSourcesBuildPhase section */
		D2AAC07B0554694100DB518D /* Sources */ = {
			isa = PBXSourcesBuildPhase;
			buildActionMask = 2147483647;
			files = (
				EA32AC5312F8715E0025F080 /* Reachability.m in Sources */,
				EA32AC6D12F872680025F080 /* ASIAuthenticationDialog.m in Sources */,
				EA32AC7012F872680025F080 /* ASIDataCompressor.m in Sources */,
				EA32AC7212F872680025F080 /* ASIDataDecompressor.m in Sources */,
				EA32AC7412F872680025F080 /* ASIDownloadCache.m in Sources */,
				EA32AC7612F872680025F080 /* ASIFormDataRequest.m in Sources */,
				EA32AC7812F872680025F080 /* ASIHTTPRequest.m in Sources */,
				EA32AC7C12F872680025F080 /* ASIInputStream.m in Sources */,
				EA32AC7E12F872680025F080 /* ASINetworkQueue.m in Sources */,
				EABEE8D012F8BC6F0028857E /* NSObject+JSON.m in Sources */,
				EABEE8D212F8BC6F0028857E /* SBJsonParser.m in Sources */,
				EABEE8D412F8BC6F0028857E /* SBJsonStreamParser.m in Sources */,
				EABEE8D612F8BC6F0028857E /* SBJsonStreamParserAdapter.m in Sources */,
				EABEE8D812F8BC6F0028857E /* SBJsonStreamParserState.m in Sources */,
				EABEE8DA12F8BC6F0028857E /* SBJsonStreamWriter.m in Sources */,
				EABEE8DC12F8BC6F0028857E /* SBJsonStreamWriterState.m in Sources */,
				EABEE8DE12F8BC6F0028857E /* SBJsonTokeniser.m in Sources */,
				EABEE8E012F8BC6F0028857E /* SBJsonWriter.m in Sources */,
				EABEE8E712F8BE3E0028857E /* ECSession.m in Sources */,
				EAADEE3712F9E43A00899C75 /* User.m in Sources */,
				EAADEE5412F9F4FF00899C75 /* UserFetcher.m in Sources */,
				EAADEE5C12F9F8EA00899C75 /* ECAuthenticatedFetcher.m in Sources */,
				EAADEEA312FA1CC800899C75 /* ECUtils.m in Sources */,
				EA15EE5412FB5EF100D60A83 /* Course.m in Sources */,
				EAC052B61301FBA40002B434 /* JSONUnarchiver.m in Sources */,
				EAC052BC1301FBA40002B434 /* XMLUnarchiver.m in Sources */,
			);
			runOnlyForDeploymentPostprocessing = 0;
		};
		EABEEA7D12F8CBE40028857E /* Sources */ = {
			isa = PBXSourcesBuildPhase;
			buildActionMask = 2147483647;
			files = (
				EABEEAF712F8D3410028857E /* ECSession.m in Sources */,
				EABEEAC312F8D09C0028857E /* ASIAuthenticationDialog.m in Sources */,
				EABEEAC412F8D09C0028857E /* ASIDataCompressor.m in Sources */,
				EABEEAC512F8D09C0028857E /* ASIDataDecompressor.m in Sources */,
				EABEEAC612F8D09C0028857E /* ASIDownloadCache.m in Sources */,
				EABEEAC712F8D09C0028857E /* ASIFormDataRequest.m in Sources */,
				EABEEAC812F8D09C0028857E /* ASIHTTPRequest.m in Sources */,
				EABEEAC912F8D09C0028857E /* ASIInputStream.m in Sources */,
				EABEEACA12F8D09C0028857E /* ASINetworkQueue.m in Sources */,
				EABEEACB12F8D09C0028857E /* Reachability.m in Sources */,
				EABEEABA12F8D0880028857E /* NSObject+JSON.m in Sources */,
				EABEEABB12F8D0880028857E /* SBJsonParser.m in Sources */,
				EABEEABC12F8D0880028857E /* SBJsonStreamParser.m in Sources */,
				EABEEABD12F8D0880028857E /* SBJsonStreamParserAdapter.m in Sources */,
				EABEEABE12F8D0880028857E /* SBJsonStreamParserState.m in Sources */,
				EABEEABF12F8D0880028857E /* SBJsonStreamWriter.m in Sources */,
				EABEEAC012F8D0880028857E /* SBJsonStreamWriterState.m in Sources */,
				EABEEAC112F8D0880028857E /* SBJsonTokeniser.m in Sources */,
				EABEEAC212F8D0880028857E /* SBJsonWriter.m in Sources */,
				EABEEAB912F8D0780028857E /* ECSessionTestCase.m in Sources */,
				EABEEAD612F8D12D0028857E /* GHUnitIOSTestMain.m in Sources */,
				EAADEE0512F9D5EC00899C75 /* TestCaseWithAuthentication.m in Sources */,
				EAADEE0712F9D76C00899C75 /* UserFetcherTestCase.m in Sources */,
				EAADEE3012F9E37400899C75 /* UserDeserializationTestCase.m in Sources */,
				EAADEE3512F9E43A00899C75 /* User.m in Sources */,
				EAADEE5612F9F4FF00899C75 /* UserFetcher.m in Sources */,
				EAADEE5A12F9F8EA00899C75 /* ECAuthenticatedFetcher.m in Sources */,
				EAADEEA512FA1CC800899C75 /* ECUtils.m in Sources */,
				EA15EE0112FB17AC00D60A83 /* CourseDeserializationTestCase.m in Sources */,
				EA15EE5212FB5EF100D60A83 /* Course.m in Sources */,
				EA9FC09012FC6224009AA1FF /* CourseItemDeserializationTestCase.m in Sources */,
				EAC052B71301FBA40002B434 /* JSONUnarchiver.m in Sources */,
				EAC052BD1301FBA40002B434 /* XMLUnarchiver.m in Sources */,
			);
			runOnlyForDeploymentPostprocessing = 0;
		};
/* End PBXSourcesBuildPhase section */

/* Begin XCBuildConfiguration section */
		1DEB921F08733DC00010E9CD /* Debug */ = {
			isa = XCBuildConfiguration;
			buildSettings = {
				ALWAYS_SEARCH_USER_PATHS = NO;
				ARCHS = "$(ARCHS_STANDARD_32_BIT)";
				COPY_PHASE_STRIP = NO;
				DSTROOT = /tmp/ECAPI.dst;
				FRAMEWORK_SEARCH_PATHS = (
					"$(inherited)",
					"\"$(SRCROOT)/../frameworks\"",
				);
				GCC_DYNAMIC_NO_PIC = NO;
				GCC_ENABLE_FIX_AND_CONTINUE = YES;
				GCC_MODEL_TUNING = G5;
				GCC_OPTIMIZATION_LEVEL = 0;
				GCC_PRECOMPILE_PREFIX_HEADER = YES;
				GCC_PREFIX_HEADER = ECAPI_Prefix.pch;
				INSTALL_PATH = /usr/local/lib;
				PRODUCT_NAME = ECAPI;
			};
			name = Debug;
		};
		1DEB922008733DC00010E9CD /* Release */ = {
			isa = XCBuildConfiguration;
			buildSettings = {
				ALWAYS_SEARCH_USER_PATHS = NO;
				ARCHS = "$(ARCHS_STANDARD_32_BIT)";
				DSTROOT = /tmp/ECAPI.dst;
				FRAMEWORK_SEARCH_PATHS = (
					"$(inherited)",
					"\"$(SRCROOT)/../frameworks\"",
				);
				GCC_MODEL_TUNING = G5;
				GCC_PRECOMPILE_PREFIX_HEADER = YES;
				GCC_PREFIX_HEADER = ECAPI_Prefix.pch;
				INSTALL_PATH = /usr/local/lib;
				PRODUCT_NAME = ECAPI;
			};
			name = Release;
		};
		1DEB922308733DC00010E9CD /* Debug */ = {
			isa = XCBuildConfiguration;
			buildSettings = {
				ARCHS = "$(ARCHS_STANDARD_32_BIT)";
				GCC_C_LANGUAGE_STANDARD = c99;
				GCC_OPTIMIZATION_LEVEL = 0;
				GCC_VERSION = com.apple.compilers.llvm.clang.1_0;
				GCC_WARN_ABOUT_RETURN_TYPE = YES;
				GCC_WARN_UNUSED_VARIABLE = YES;
				OTHER_LDFLAGS = "-ObjC";
				PREBINDING = NO;
				SDKROOT = iphoneos;
			};
			name = Debug;
		};
		1DEB922408733DC00010E9CD /* Release */ = {
			isa = XCBuildConfiguration;
			buildSettings = {
				ARCHS = "$(ARCHS_STANDARD_32_BIT)";
				GCC_C_LANGUAGE_STANDARD = c99;
				GCC_VERSION = com.apple.compilers.llvm.clang.1_0;
				GCC_WARN_ABOUT_RETURN_TYPE = YES;
				GCC_WARN_UNUSED_VARIABLE = YES;
				OTHER_LDFLAGS = "-ObjC";
				PREBINDING = NO;
				SDKROOT = iphoneos;
			};
			name = Release;
		};
		EABEEA8312F8CBE50028857E /* Debug */ = {
			isa = XCBuildConfiguration;
			buildSettings = {
				ALWAYS_SEARCH_USER_PATHS = NO;
				CODE_SIGN_IDENTITY = "iPhone Developer";
				COPY_PHASE_STRIP = NO;
				FRAMEWORK_SEARCH_PATHS = (
					"$(inherited)",
					"\"$(SRCROOT)/../frameworks\"",
				);
				GCC_DYNAMIC_NO_PIC = NO;
				GCC_OPTIMIZATION_LEVEL = 0;
				GCC_PRECOMPILE_PREFIX_HEADER = YES;
				GCC_PREFIX_HEADER = Tests_Prefix.pch;
				INFOPLIST_FILE = "Tests-Info.plist";
				INSTALL_PATH = "$(HOME)/Applications";
				OTHER_LDFLAGS = (
					"-all_load",
					"-ObjC",
					"-framework",
					Foundation,
					"-framework",
					UIKit,
				);
				PREBINDING = NO;
				PRODUCT_NAME = Tests;
				SDKROOT = iphoneos;
			};
			name = Debug;
		};
		EABEEA8412F8CBE50028857E /* Release */ = {
			isa = XCBuildConfiguration;
			buildSettings = {
				ALWAYS_SEARCH_USER_PATHS = NO;
				CODE_SIGN_IDENTITY = "iPhone Developer";
				COPY_PHASE_STRIP = YES;
				DEBUG_INFORMATION_FORMAT = "dwarf-with-dsym";
				FRAMEWORK_SEARCH_PATHS = (
					"$(inherited)",
					"\"$(SRCROOT)/../frameworks\"",
				);
				GCC_ENABLE_FIX_AND_CONTINUE = NO;
				GCC_PRECOMPILE_PREFIX_HEADER = YES;
				GCC_PREFIX_HEADER = Tests_Prefix.pch;
				INFOPLIST_FILE = "Tests-Info.plist";
				INSTALL_PATH = "$(HOME)/Applications";
				OTHER_LDFLAGS = (
					"-all_load",
					"-ObjC",
					"-framework",
					Foundation,
					"-framework",
					UIKit,
				);
				PREBINDING = NO;
				PRODUCT_NAME = Tests;
				SDKROOT = iphoneos;
				ZERO_LINK = NO;
			};
			name = Release;
		};
/* End XCBuildConfiguration section */

/* Begin XCConfigurationList section */
		1DEB921E08733DC00010E9CD /* Build configuration list for PBXNativeTarget "ECAPI" */ = {
			isa = XCConfigurationList;
			buildConfigurations = (
				1DEB921F08733DC00010E9CD /* Debug */,
				1DEB922008733DC00010E9CD /* Release */,
			);
			defaultConfigurationIsVisible = 0;
			defaultConfigurationName = Release;
		};
		1DEB922208733DC00010E9CD /* Build configuration list for PBXProject "ECAPI" */ = {
			isa = XCConfigurationList;
			buildConfigurations = (
				1DEB922308733DC00010E9CD /* Debug */,
				1DEB922408733DC00010E9CD /* Release */,
			);
			defaultConfigurationIsVisible = 0;
			defaultConfigurationName = Release;
		};
		EABEEA8512F8CBE50028857E /* Build configuration list for PBXNativeTarget "Tests" */ = {
			isa = XCConfigurationList;
			buildConfigurations = (
				EABEEA8312F8CBE50028857E /* Debug */,
				EABEEA8412F8CBE50028857E /* Release */,
			);
			defaultConfigurationIsVisible = 0;
			defaultConfigurationName = Release;
		};
/* End XCConfigurationList section */
	};
	rootObject = 0867D690FE84028FC02AAC07 /* Project object */;
}
